
Microsoft Visual Studio Solution File, Format Version 12.00
# Visual Studio 15
VisualStudioVersion = 15.0.28010.2050
MinimumVisualStudioVersion = 10.0.40219.1
Project("{FAE04EC0-301F-11D3-BF4B-00C04F79EFBC}") = "school", "school\school.csproj", "{6FDE04E8-E442-402C-B2F4-41CB03C88EC2}"
EndProject
Project("{FAE04EC0-301F-11D3-BF4B-00C04F79EFBC}") = "2.6(test_false)", "2.6(test_false)\2.6(test_false).csproj", "{2B49E0E2-9E8F-48F2-A2A2-7F70EE1796D2}"
EndProject
Global
	GlobalSection(SolutionConfigurationPlatforms) = preSolution
		Debug|Any CPU = Debug|Any CPU
		Release|Any CPU = Release|Any CPU
	EndGlobalSection
	GlobalSection(ProjectConfigurationPlatforms) = postSolution
		{6FDE04E8-E442-402C-B2F4-41CB03C88EC2}.Debug|Any CPU.ActiveCfg = Debug|Any CPU
		{6FDE04E8-E442-402C-B2F4-41CB03C88EC2}.Debug|Any CPU.Build.0 = Debug|Any CPU
		{6FDE04E8-E442-402C-B2F4-41CB03C88EC2}.Release|Any CPU.ActiveCfg = Release|Any CPU
		{6FDE04E8-E442-402C-B2F4-41CB03C88EC2}.Release|Any CPU.Build.0 = Release|Any CPU
		{2B49E0E2-9E8F-48F2-A2A2-7F70EE1796D2}.Debug|Any CPU.ActiveCfg = Debug|Any CPU
		{2B49E0E2-9E8F-48F2-A2A2-7F70EE1796D2}.Debug|Any CPU.Build.0 = Debug|Any CPU
		{2B49E0E2-9E8F-48F2-A2A2-7F70EE1796D2}.Release|Any CPU.ActiveCfg = Release|Any CPU
		{2B49E0E2-9E8F-48F2-A2A2-7F70EE1796D2}.Release|Any CPU.Build.0 = Release|Any CPU
	EndGlobalSection
	GlobalSection(SolutionProperties) = preSolution
		HideSolutionNode = FALSE
	EndGlobalSection
	GlobalSection(ExtensibilityGlobals) = postSolution
		SolutionGuid = {B41E5F61-C03E-48F9-B020-657A4C8FB165}
	EndGlobalSection
EndGlobal
